// !$*UTF8*$!
{
	archiveVersion = 1;
	classes = {
	};
	objectVersion = 50;
	objects = {

/* Begin PBXBuildFile section */
		14EBEBA5A37373D88930EC87 /* Pods_Emep_EmepUITests.framework in Frameworks */ = {isa = PBXBuildFile; fileRef = 65C337DD347D0215B07E2077 /* Pods_Emep_EmepUITests.framework */; };
		2EF05B397F5B6FC1AD4EE8D5 /* Pods_Emep.framework in Frameworks */ = {isa = PBXBuildFile; fileRef = 1E73D129A0082EEC923CA517 /* Pods_Emep.framework */; };
		335B67E12477FDE300CE67A5 /* MyRecords.storyboard in Resources */ = {isa = PBXBuildFile; fileRef = 335B67E02477FDE300CE67A5 /* MyRecords.storyboard */; };
		335B67E32477FDFD00CE67A5 /* Profile.storyboard in Resources */ = {isa = PBXBuildFile; fileRef = 335B67E22477FDFD00CE67A5 /* Profile.storyboard */; };
		335B67E52477FE1000CE67A5 /* Calendar.storyboard in Resources */ = {isa = PBXBuildFile; fileRef = 335B67E42477FE1000CE67A5 /* Calendar.storyboard */; };
		335B67E72477FE1E00CE67A5 /* Settings.storyboard in Resources */ = {isa = PBXBuildFile; fileRef = 335B67E62477FE1E00CE67A5 /* Settings.storyboard */; };
		33F2A8222475A45200B86D7F /* AppDelegate.swift in Sources */ = {isa = PBXBuildFile; fileRef = 33F2A8212475A45200B86D7F /* AppDelegate.swift */; };
		33F2A8242475A45200B86D7F /* SceneDelegate.swift in Sources */ = {isa = PBXBuildFile; fileRef = 33F2A8232475A45200B86D7F /* SceneDelegate.swift */; };
		33F2A8262475A45200B86D7F /* ViewController.swift in Sources */ = {isa = PBXBuildFile; fileRef = 33F2A8252475A45200B86D7F /* ViewController.swift */; };
		33F2A8292475A45200B86D7F /* Main.storyboard in Resources */ = {isa = PBXBuildFile; fileRef = 33F2A8272475A45200B86D7F /* Main.storyboard */; };
		33F2A82C2475A45200B86D7F /* Emep.xcdatamodeld in Sources */ = {isa = PBXBuildFile; fileRef = 33F2A82A2475A45200B86D7F /* Emep.xcdatamodeld */; };
		33F2A82E2475A45A00B86D7F /* Assets.xcassets in Resources */ = {isa = PBXBuildFile; fileRef = 33F2A82D2475A45A00B86D7F /* Assets.xcassets */; };
		33F2A8312475A45A00B86D7F /* LaunchScreen.storyboard in Resources */ = {isa = PBXBuildFile; fileRef = 33F2A82F2475A45A00B86D7F /* LaunchScreen.storyboard */; };
		33F2A83C2475A45A00B86D7F /* EmepTests.swift in Sources */ = {isa = PBXBuildFile; fileRef = 33F2A83B2475A45A00B86D7F /* EmepTests.swift */; };
		33F2A8472475A45B00B86D7F /* EmepUITests.swift in Sources */ = {isa = PBXBuildFile; fileRef = 33F2A8462475A45B00B86D7F /* EmepUITests.swift */; };
		427E6F509C56C21D27CBD2C9 /* Pods_EmepTests.framework in Frameworks */ = {isa = PBXBuildFile; fileRef = D13A8658A848C07DD3B34599 /* Pods_EmepTests.framework */; };
		F0FD3CC7247D93BD00BE3B15 /* SettingsViewController.swift in Sources */ = {isa = PBXBuildFile; fileRef = F0FD3CC6247D93BD00BE3B15 /* SettingsViewController.swift */; };
/* End PBXBuildFile section */

/* Begin PBXContainerItemProxy section */
		33F2A8382475A45A00B86D7F /* PBXContainerItemProxy */ = {
			isa = PBXContainerItemProxy;
			containerPortal = 33F2A8162475A45200B86D7F /* Project object */;
			proxyType = 1;
			remoteGlobalIDString = 33F2A81D2475A45200B86D7F;
			remoteInfo = Emep;
		};
		33F2A8432475A45A00B86D7F /* PBXContainerItemProxy */ = {
			isa = PBXContainerItemProxy;
			containerPortal = 33F2A8162475A45200B86D7F /* Project object */;
			proxyType = 1;
			remoteGlobalIDString = 33F2A81D2475A45200B86D7F;
			remoteInfo = Emep;
		};
/* End PBXContainerItemProxy section */

/* Begin PBXFileReference section */
		045E1444C55A09790909616F /* Pods-Emep.release.xcconfig */ = {isa = PBXFileReference; includeInIndex = 1; lastKnownFileType = text.xcconfig; name = "Pods-Emep.release.xcconfig"; path = "Target Support Files/Pods-Emep/Pods-Emep.release.xcconfig"; sourceTree = "<group>"; };
		083235203C100DB0A2D24797 /* Pods-EmepTests.release.xcconfig */ = {isa = PBXFileReference; includeInIndex = 1; lastKnownFileType = text.xcconfig; name = "Pods-EmepTests.release.xcconfig"; path = "Target Support Files/Pods-EmepTests/Pods-EmepTests.release.xcconfig"; sourceTree = "<group>"; };
		1E73D129A0082EEC923CA517 /* Pods_Emep.framework */ = {isa = PBXFileReference; explicitFileType = wrapper.framework; includeInIndex = 0; path = Pods_Emep.framework; sourceTree = BUILT_PRODUCTS_DIR; };
		335B67E02477FDE300CE67A5 /* MyRecords.storyboard */ = {isa = PBXFileReference; lastKnownFileType = file.storyboard; path = MyRecords.storyboard; sourceTree = "<group>"; };
		335B67E22477FDFD00CE67A5 /* Profile.storyboard */ = {isa = PBXFileReference; lastKnownFileType = file.storyboard; path = Profile.storyboard; sourceTree = "<group>"; };
		335B67E42477FE1000CE67A5 /* Calendar.storyboard */ = {isa = PBXFileReference; lastKnownFileType = file.storyboard; path = Calendar.storyboard; sourceTree = "<group>"; };
		335B67E62477FE1E00CE67A5 /* Settings.storyboard */ = {isa = PBXFileReference; lastKnownFileType = file.storyboard; path = Settings.storyboard; sourceTree = "<group>"; };
		33F2A81E2475A45200B86D7F /* Emep.app */ = {isa = PBXFileReference; explicitFileType = wrapper.application; includeInIndex = 0; path = Emep.app; sourceTree = BUILT_PRODUCTS_DIR; };
		33F2A8212475A45200B86D7F /* AppDelegate.swift */ = {isa = PBXFileReference; lastKnownFileType = sourcecode.swift; path = AppDelegate.swift; sourceTree = "<group>"; };
		33F2A8232475A45200B86D7F /* SceneDelegate.swift */ = {isa = PBXFileReference; lastKnownFileType = sourcecode.swift; path = SceneDelegate.swift; sourceTree = "<group>"; };
		33F2A8252475A45200B86D7F /* ViewController.swift */ = {isa = PBXFileReference; lastKnownFileType = sourcecode.swift; path = ViewController.swift; sourceTree = "<group>"; };
		33F2A8282475A45200B86D7F /* Base */ = {isa = PBXFileReference; lastKnownFileType = file.storyboard; name = Base; path = Base.lproj/Main.storyboard; sourceTree = "<group>"; };
		33F2A82B2475A45200B86D7F /* Emep.xcdatamodel */ = {isa = PBXFileReference; lastKnownFileType = wrapper.xcdatamodel; path = Emep.xcdatamodel; sourceTree = "<group>"; };
		33F2A82D2475A45A00B86D7F /* Assets.xcassets */ = {isa = PBXFileReference; lastKnownFileType = folder.assetcatalog; path = Assets.xcassets; sourceTree = "<group>"; };
		33F2A8302475A45A00B86D7F /* Base */ = {isa = PBXFileReference; lastKnownFileType = file.storyboard; name = Base; path = Base.lproj/LaunchScreen.storyboard; sourceTree = "<group>"; };
		33F2A8322475A45A00B86D7F /* Info.plist */ = {isa = PBXFileReference; lastKnownFileType = text.plist.xml; path = Info.plist; sourceTree = "<group>"; };
		33F2A8372475A45A00B86D7F /* EmepTests.xctest */ = {isa = PBXFileReference; explicitFileType = wrapper.cfbundle; includeInIndex = 0; path = EmepTests.xctest; sourceTree = BUILT_PRODUCTS_DIR; };
		33F2A83B2475A45A00B86D7F /* EmepTests.swift */ = {isa = PBXFileReference; lastKnownFileType = sourcecode.swift; path = EmepTests.swift; sourceTree = "<group>"; };
		33F2A83D2475A45A00B86D7F /* Info.plist */ = {isa = PBXFileReference; lastKnownFileType = text.plist.xml; path = Info.plist; sourceTree = "<group>"; };
		33F2A8422475A45A00B86D7F /* EmepUITests.xctest */ = {isa = PBXFileReference; explicitFileType = wrapper.cfbundle; includeInIndex = 0; path = EmepUITests.xctest; sourceTree = BUILT_PRODUCTS_DIR; };
		33F2A8462475A45B00B86D7F /* EmepUITests.swift */ = {isa = PBXFileReference; lastKnownFileType = sourcecode.swift; path = EmepUITests.swift; sourceTree = "<group>"; };
		33F2A8482475A45B00B86D7F /* Info.plist */ = {isa = PBXFileReference; lastKnownFileType = text.plist.xml; path = Info.plist; sourceTree = "<group>"; };
		33F2A8B02476F04B00B86D7F /* README.md */ = {isa = PBXFileReference; lastKnownFileType = net.daringfireball.markdown; path = README.md; sourceTree = "<group>"; };
		65C337DD347D0215B07E2077 /* Pods_Emep_EmepUITests.framework */ = {isa = PBXFileReference; explicitFileType = wrapper.framework; includeInIndex = 0; path = Pods_Emep_EmepUITests.framework; sourceTree = BUILT_PRODUCTS_DIR; };
		8F40C6E289C02694A48D39DD /* Pods-Emep-EmepUITests.release.xcconfig */ = {isa = PBXFileReference; includeInIndex = 1; lastKnownFileType = text.xcconfig; name = "Pods-Emep-EmepUITests.release.xcconfig"; path = "Target Support Files/Pods-Emep-EmepUITests/Pods-Emep-EmepUITests.release.xcconfig"; sourceTree = "<group>"; };
		CC386C7DE902AA9BDDC37C34 /* Pods-Emep.debug.xcconfig */ = {isa = PBXFileReference; includeInIndex = 1; lastKnownFileType = text.xcconfig; name = "Pods-Emep.debug.xcconfig"; path = "Target Support Files/Pods-Emep/Pods-Emep.debug.xcconfig"; sourceTree = "<group>"; };
		D13A8658A848C07DD3B34599 /* Pods_EmepTests.framework */ = {isa = PBXFileReference; explicitFileType = wrapper.framework; includeInIndex = 0; path = Pods_EmepTests.framework; sourceTree = BUILT_PRODUCTS_DIR; };
		E4C44FD65039B6FB30DBC0B0 /* Pods-EmepTests.debug.xcconfig */ = {isa = PBXFileReference; includeInIndex = 1; lastKnownFileType = text.xcconfig; name = "Pods-EmepTests.debug.xcconfig"; path = "Target Support Files/Pods-EmepTests/Pods-EmepTests.debug.xcconfig"; sourceTree = "<group>"; };
		F0FD3CC6247D93BD00BE3B15 /* SettingsViewController.swift */ = {isa = PBXFileReference; lastKnownFileType = sourcecode.swift; path = SettingsViewController.swift; sourceTree = "<group>"; };
		F88E52B5287CA1FDF36679BF /* Pods-Emep-EmepUITests.debug.xcconfig */ = {isa = PBXFileReference; includeInIndex = 1; lastKnownFileType = text.xcconfig; name = "Pods-Emep-EmepUITests.debug.xcconfig"; path = "Target Support Files/Pods-Emep-EmepUITests/Pods-Emep-EmepUITests.debug.xcconfig"; sourceTree = "<group>"; };
/* End PBXFileReference section */

/* Begin PBXFrameworksBuildPhase section */
		33F2A81B2475A45200B86D7F /* Frameworks */ = {
			isa = PBXFrameworksBuildPhase;
			buildActionMask = 2147483647;
			files = (
				2EF05B397F5B6FC1AD4EE8D5 /* Pods_Emep.framework in Frameworks */,
			);
			runOnlyForDeploymentPostprocessing = 0;
		};
		33F2A8342475A45A00B86D7F /* Frameworks */ = {
			isa = PBXFrameworksBuildPhase;
			buildActionMask = 2147483647;
			files = (
				427E6F509C56C21D27CBD2C9 /* Pods_EmepTests.framework in Frameworks */,
			);
			runOnlyForDeploymentPostprocessing = 0;
		};
		33F2A83F2475A45A00B86D7F /* Frameworks */ = {
			isa = PBXFrameworksBuildPhase;
			buildActionMask = 2147483647;
			files = (
				14EBEBA5A37373D88930EC87 /* Pods_Emep_EmepUITests.framework in Frameworks */,
			);
			runOnlyForDeploymentPostprocessing = 0;
		};
/* End PBXFrameworksBuildPhase section */

/* Begin PBXGroup section */
		3287585D812DB6D6D65D2216 /* Frameworks */ = {
			isa = PBXGroup;
			children = (
				1E73D129A0082EEC923CA517 /* Pods_Emep.framework */,
				65C337DD347D0215B07E2077 /* Pods_Emep_EmepUITests.framework */,
				D13A8658A848C07DD3B34599 /* Pods_EmepTests.framework */,
			);
			name = Frameworks;
			sourceTree = "<group>";
		};
		33F2A8152475A45200B86D7F = {
			isa = PBXGroup;
			children = (
				33F2A8202475A45200B86D7F /* Emep */,
				33F2A83A2475A45A00B86D7F /* EmepTests */,
				33F2A8452475A45A00B86D7F /* EmepUITests */,
				33F2A81F2475A45200B86D7F /* Products */,
				FFD3ABD1F9D3306EBEA94FAA /* Pods */,
				3287585D812DB6D6D65D2216 /* Frameworks */,
			);
			sourceTree = "<group>";
		};
		33F2A81F2475A45200B86D7F /* Products */ = {
			isa = PBXGroup;
			children = (
				33F2A81E2475A45200B86D7F /* Emep.app */,
				33F2A8372475A45A00B86D7F /* EmepTests.xctest */,
				33F2A8422475A45A00B86D7F /* EmepUITests.xctest */,
			);
			name = Products;
			sourceTree = "<group>";
		};
		33F2A8202475A45200B86D7F /* Emep */ = {
			isa = PBXGroup;
			children = (
				33F2A8B12476F5B100B86D7F /* Model */,
				33F2A8B22476F5DB00B86D7F /* View */,
				33F2A8B32476F5F800B86D7F /* ViewModel */,
				33F2A8212475A45200B86D7F /* AppDelegate.swift */,
				33F2A8232475A45200B86D7F /* SceneDelegate.swift */,
				33F2A8252475A45200B86D7F /* ViewController.swift */,
				33F2A82D2475A45A00B86D7F /* Assets.xcassets */,
				33F2A8B02476F04B00B86D7F /* README.md */,
				33F2A82F2475A45A00B86D7F /* LaunchScreen.storyboard */,
				33F2A8322475A45A00B86D7F /* Info.plist */,
				33F2A82A2475A45200B86D7F /* Emep.xcdatamodeld */,
			);
			path = Emep;
			sourceTree = "<group>";
		};
		33F2A83A2475A45A00B86D7F /* EmepTests */ = {
			isa = PBXGroup;
			children = (
				33F2A83B2475A45A00B86D7F /* EmepTests.swift */,
				33F2A83D2475A45A00B86D7F /* Info.plist */,
			);
			path = EmepTests;
			sourceTree = "<group>";
		};
		33F2A8452475A45A00B86D7F /* EmepUITests */ = {
			isa = PBXGroup;
			children = (
				33F2A8462475A45B00B86D7F /* EmepUITests.swift */,
				33F2A8482475A45B00B86D7F /* Info.plist */,
			);
			path = EmepUITests;
			sourceTree = "<group>";
		};
		33F2A8B12476F5B100B86D7F /* Model */ = {
			isa = PBXGroup;
			children = (
			);
			path = Model;
			sourceTree = "<group>";
		};
		33F2A8B22476F5DB00B86D7F /* View */ = {
			isa = PBXGroup;
			children = (
				F0FD3CC5247D92EB00BE3B15 /* View Controllers */,
				33F2A8272475A45200B86D7F /* Main.storyboard */,
				335B67E02477FDE300CE67A5 /* MyRecords.storyboard */,
				335B67E22477FDFD00CE67A5 /* Profile.storyboard */,
				335B67E42477FE1000CE67A5 /* Calendar.storyboard */,
				335B67E62477FE1E00CE67A5 /* Settings.storyboard */,
			);
			path = View;
			sourceTree = "<group>";
		};
		33F2A8B32476F5F800B86D7F /* ViewModel */ = {
			isa = PBXGroup;
			children = (
			);
			path = ViewModel;
			sourceTree = "<group>";
		};
		F0FD3CC5247D92EB00BE3B15 /* View Controllers */ = {
			isa = PBXGroup;
			children = (
				F0FD3CC6247D93BD00BE3B15 /* SettingsViewController.swift */,
			);
			path = "View Controllers";
			sourceTree = "<group>";
		};
		FFD3ABD1F9D3306EBEA94FAA /* Pods */ = {
			isa = PBXGroup;
			children = (
				CC386C7DE902AA9BDDC37C34 /* Pods-Emep.debug.xcconfig */,
				045E1444C55A09790909616F /* Pods-Emep.release.xcconfig */,
				F88E52B5287CA1FDF36679BF /* Pods-Emep-EmepUITests.debug.xcconfig */,
				8F40C6E289C02694A48D39DD /* Pods-Emep-EmepUITests.release.xcconfig */,
				E4C44FD65039B6FB30DBC0B0 /* Pods-EmepTests.debug.xcconfig */,
				083235203C100DB0A2D24797 /* Pods-EmepTests.release.xcconfig */,
			);
			path = Pods;
			sourceTree = "<group>";
		};
/* End PBXGroup section */

/* Begin PBXNativeTarget section */
		33F2A81D2475A45200B86D7F /* Emep */ = {
			isa = PBXNativeTarget;
			buildConfigurationList = 33F2A84B2475A45B00B86D7F /* Build configuration list for PBXNativeTarget "Emep" */;
			buildPhases = (
				E195BAF6A114159466E12C2A /* [CP] Check Pods Manifest.lock */,
				86304E92247835E600A9BF29 /* Run Script */,
				33F2A81A2475A45200B86D7F /* Sources */,
				33F2A81B2475A45200B86D7F /* Frameworks */,
				33F2A81C2475A45200B86D7F /* Resources */,
			);
			buildRules = (
			);
			dependencies = (
			);
			name = Emep;
			productName = Emep;
			productReference = 33F2A81E2475A45200B86D7F /* Emep.app */;
			productType = "com.apple.product-type.application";
		};
		33F2A8362475A45A00B86D7F /* EmepTests */ = {
			isa = PBXNativeTarget;
			buildConfigurationList = 33F2A84E2475A45B00B86D7F /* Build configuration list for PBXNativeTarget "EmepTests" */;
			buildPhases = (
				FCF20537D4709F3E0C89E886 /* [CP] Check Pods Manifest.lock */,
				33F2A8332475A45A00B86D7F /* Sources */,
				33F2A8342475A45A00B86D7F /* Frameworks */,
				33F2A8352475A45A00B86D7F /* Resources */,
			);
			buildRules = (
			);
			dependencies = (
				33F2A8392475A45A00B86D7F /* PBXTargetDependency */,
			);
			name = EmepTests;
			productName = EmepTests;
			productReference = 33F2A8372475A45A00B86D7F /* EmepTests.xctest */;
			productType = "com.apple.product-type.bundle.unit-test";
		};
		33F2A8412475A45A00B86D7F /* EmepUITests */ = {
			isa = PBXNativeTarget;
			buildConfigurationList = 33F2A8512475A45B00B86D7F /* Build configuration list for PBXNativeTarget "EmepUITests" */;
			buildPhases = (
				58CC1E5F06E3305035F01B9C /* [CP] Check Pods Manifest.lock */,
				33F2A83E2475A45A00B86D7F /* Sources */,
				33F2A83F2475A45A00B86D7F /* Frameworks */,
				33F2A8402475A45A00B86D7F /* Resources */,
			);
			buildRules = (
			);
			dependencies = (
				33F2A8442475A45A00B86D7F /* PBXTargetDependency */,
			);
			name = EmepUITests;
			productName = EmepUITests;
			productReference = 33F2A8422475A45A00B86D7F /* EmepUITests.xctest */;
			productType = "com.apple.product-type.bundle.ui-testing";
		};
/* End PBXNativeTarget section */

/* Begin PBXProject section */
		33F2A8162475A45200B86D7F /* Project object */ = {
			isa = PBXProject;
			attributes = {
				LastSwiftUpdateCheck = 1140;
				LastUpgradeCheck = 1140;
				ORGANIZATIONNAME = "Rodrigo Buendia Ramos";
				TargetAttributes = {
					33F2A81D2475A45200B86D7F = {
						CreatedOnToolsVersion = 11.4.1;
					};
					33F2A8362475A45A00B86D7F = {
						CreatedOnToolsVersion = 11.4.1;
						TestTargetID = 33F2A81D2475A45200B86D7F;
					};
					33F2A8412475A45A00B86D7F = {
						CreatedOnToolsVersion = 11.4.1;
						TestTargetID = 33F2A81D2475A45200B86D7F;
					};
				};
			};
			buildConfigurationList = 33F2A8192475A45200B86D7F /* Build configuration list for PBXProject "Emep" */;
			compatibilityVersion = "Xcode 9.3";
			developmentRegion = en;
			hasScannedForEncodings = 0;
			knownRegions = (
				en,
				Base,
			);
			mainGroup = 33F2A8152475A45200B86D7F;
			productRefGroup = 33F2A81F2475A45200B86D7F /* Products */;
			projectDirPath = "";
			projectRoot = "";
			targets = (
				33F2A81D2475A45200B86D7F /* Emep */,
				33F2A8362475A45A00B86D7F /* EmepTests */,
				33F2A8412475A45A00B86D7F /* EmepUITests */,
			);
		};
/* End PBXProject section */

/* Begin PBXResourcesBuildPhase section */
		33F2A81C2475A45200B86D7F /* Resources */ = {
			isa = PBXResourcesBuildPhase;
			buildActionMask = 2147483647;
			files = (
				335B67E52477FE1000CE67A5 /* Calendar.storyboard in Resources */,
				33F2A8312475A45A00B86D7F /* LaunchScreen.storyboard in Resources */,
				33F2A82E2475A45A00B86D7F /* Assets.xcassets in Resources */,
				335B67E32477FDFD00CE67A5 /* Profile.storyboard in Resources */,
				33F2A8292475A45200B86D7F /* Main.storyboard in Resources */,
				335B67E12477FDE300CE67A5 /* MyRecords.storyboard in Resources */,
				335B67E72477FE1E00CE67A5 /* Settings.storyboard in Resources */,
			);
			runOnlyForDeploymentPostprocessing = 0;
		};
		33F2A8352475A45A00B86D7F /* Resources */ = {
			isa = PBXResourcesBuildPhase;
			buildActionMask = 2147483647;
			files = (
			);
			runOnlyForDeploymentPostprocessing = 0;
		};
		33F2A8402475A45A00B86D7F /* Resources */ = {
			isa = PBXResourcesBuildPhase;
			buildActionMask = 2147483647;
			files = (
			);
			runOnlyForDeploymentPostprocessing = 0;
		};
/* End PBXResourcesBuildPhase section */

/* Begin PBXShellScriptBuildPhase section */
		58CC1E5F06E3305035F01B9C /* [CP] Check Pods Manifest.lock */ = {
			isa = PBXShellScriptBuildPhase;
			buildActionMask = 2147483647;
			files = (
			);
			inputFileListPaths = (
			);
			inputPaths = (
				"${PODS_PODFILE_DIR_PATH}/Podfile.lock",
				"${PODS_ROOT}/Manifest.lock",
			);
			name = "[CP] Check Pods Manifest.lock";
			outputFileListPaths = (
			);
			outputPaths = (
				"$(DERIVED_FILE_DIR)/Pods-Emep-EmepUITests-checkManifestLockResult.txt",
			);
			runOnlyForDeploymentPostprocessing = 0;
			shellPath = /bin/sh;
			shellScript = "diff \"${PODS_PODFILE_DIR_PATH}/Podfile.lock\" \"${PODS_ROOT}/Manifest.lock\" > /dev/null\nif [ $? != 0 ] ; then\n    # print error to STDERR\n    echo \"error: The sandbox is not in sync with the Podfile.lock. Run 'pod install' or update your CocoaPods installation.\" >&2\n    exit 1\nfi\n# This output is used by Xcode 'outputs' to avoid re-running this script phase.\necho \"SUCCESS\" > \"${SCRIPT_OUTPUT_FILE_0}\"\n";
			showEnvVarsInLog = 0;
		};
		86304E92247835E600A9BF29 /* Run Script */ = {
			isa = PBXShellScriptBuildPhase;
			buildActionMask = 2147483647;
			files = (
			);
			inputFileListPaths = (
			);
			inputPaths = (
			);
			name = "Run Script";
			outputFileListPaths = (
			);
			outputPaths = (
			);
			runOnlyForDeploymentPostprocessing = 0;
			shellPath = /bin/sh;
			shellScript = "# Type a script or drag a script file from your workspace to insert its path.\n\"${PODS_ROOT}/SwiftLint/swiftlint\"\n";
		};
		E195BAF6A114159466E12C2A /* [CP] Check Pods Manifest.lock */ = {
			isa = PBXShellScriptBuildPhase;
			buildActionMask = 2147483647;
			files = (
			);
			inputFileListPaths = (
			);
			inputPaths = (
				"${PODS_PODFILE_DIR_PATH}/Podfile.lock",
				"${PODS_ROOT}/Manifest.lock",
			);
			name = "[CP] Check Pods Manifest.lock";
			outputFileListPaths = (
			);
			outputPaths = (
				"$(DERIVED_FILE_DIR)/Pods-Emep-checkManifestLockResult.txt",
			);
			runOnlyForDeploymentPostprocessing = 0;
			shellPath = /bin/sh;
			shellScript = "diff \"${PODS_PODFILE_DIR_PATH}/Podfile.lock\" \"${PODS_ROOT}/Manifest.lock\" > /dev/null\nif [ $? != 0 ] ; then\n    # print error to STDERR\n    echo \"error: The sandbox is not in sync with the Podfile.lock. Run 'pod install' or update your CocoaPods installation.\" >&2\n    exit 1\nfi\n# This output is used by Xcode 'outputs' to avoid re-running this script phase.\necho \"SUCCESS\" > \"${SCRIPT_OUTPUT_FILE_0}\"\n";
			showEnvVarsInLog = 0;
		};
		FCF20537D4709F3E0C89E886 /* [CP] Check Pods Manifest.lock */ = {
			isa = PBXShellScriptBuildPhase;
			buildActionMask = 2147483647;
			files = (
			);
			inputFileListPaths = (
			);
			inputPaths = (
				"${PODS_PODFILE_DIR_PATH}/Podfile.lock",
				"${PODS_ROOT}/Manifest.lock",
			);
			name = "[CP] Check Pods Manifest.lock";
			outputFileListPaths = (
			);
			outputPaths = (
				"$(DERIVED_FILE_DIR)/Pods-EmepTests-checkManifestLockResult.txt",
			);
			runOnlyForDeploymentPostprocessing = 0;
			shellPath = /bin/sh;
			shellScript = "diff \"${PODS_PODFILE_DIR_PATH}/Podfile.lock\" \"${PODS_ROOT}/Manifest.lock\" > /dev/null\nif [ $? != 0 ] ; then\n    # print error to STDERR\n    echo \"error: The sandbox is not in sync with the Podfile.lock. Run 'pod install' or update your CocoaPods installation.\" >&2\n    exit 1\nfi\n# This output is used by Xcode 'outputs' to avoid re-running this script phase.\necho \"SUCCESS\" > \"${SCRIPT_OUTPUT_FILE_0}\"\n";
			showEnvVarsInLog = 0;
		};
/* End PBXShellScriptBuildPhase section */

/* Begin PBXSourcesBuildPhase section */
		33F2A81A2475A45200B86D7F /* Sources */ = {
			isa = PBXSourcesBuildPhase;
			buildActionMask = 2147483647;
			files = (
				33F2A82C2475A45200B86D7F /* Emep.xcdatamodeld in Sources */,
				33F2A8262475A45200B86D7F /* ViewController.swift in Sources */,
				33F2A8222475A45200B86D7F /* AppDelegate.swift in Sources */,
				F0FD3CC7247D93BD00BE3B15 /* SettingsViewController.swift in Sources */,
				33F2A8242475A45200B86D7F /* SceneDelegate.swift in Sources */,
			);
			runOnlyForDeploymentPostprocessing = 0;
		};
		33F2A8332475A45A00B86D7F /* Sources */ = {
			isa = PBXSourcesBuildPhase;
			buildActionMask = 2147483647;
			files = (
				33F2A83C2475A45A00B86D7F /* EmepTests.swift in Sources */,
			);
			runOnlyForDeploymentPostprocessing = 0;
		};
		33F2A83E2475A45A00B86D7F /* Sources */ = {
			isa = PBXSourcesBuildPhase;
			buildActionMask = 2147483647;
			files = (
				33F2A8472475A45B00B86D7F /* EmepUITests.swift in Sources */,
			);
			runOnlyForDeploymentPostprocessing = 0;
		};
/* End PBXSourcesBuildPhase section */

/* Begin PBXTargetDependency section */
		33F2A8392475A45A00B86D7F /* PBXTargetDependency */ = {
			isa = PBXTargetDependency;
			target = 33F2A81D2475A45200B86D7F /* Emep */;
			targetProxy = 33F2A8382475A45A00B86D7F /* PBXContainerItemProxy */;
		};
		33F2A8442475A45A00B86D7F /* PBXTargetDependency */ = {
			isa = PBXTargetDependency;
			target = 33F2A81D2475A45200B86D7F /* Emep */;
			targetProxy = 33F2A8432475A45A00B86D7F /* PBXContainerItemProxy */;
		};
/* End PBXTargetDependency section */

/* Begin PBXVariantGroup section */
		33F2A8272475A45200B86D7F /* Main.storyboard */ = {
			isa = PBXVariantGroup;
			children = (
				33F2A8282475A45200B86D7F /* Base */,
			);
			name = Main.storyboard;
			sourceTree = "<group>";
		};
		33F2A82F2475A45A00B86D7F /* LaunchScreen.storyboard */ = {
			isa = PBXVariantGroup;
			children = (
				33F2A8302475A45A00B86D7F /* Base */,
			);
			name = LaunchScreen.storyboard;
			sourceTree = "<group>";
		};
/* End PBXVariantGroup section */

/* Begin XCBuildConfiguration section */
		33F2A8492475A45B00B86D7F /* Debug */ = {
			isa = XCBuildConfiguration;
			buildSettings = {
				ALWAYS_SEARCH_USER_PATHS = NO;
				CLANG_ANALYZER_NONNULL = YES;
				CLANG_ANALYZER_NUMBER_OBJECT_CONVERSION = YES_AGGRESSIVE;
				CLANG_CXX_LANGUAGE_STANDARD = "gnu++14";
				CLANG_CXX_LIBRARY = "libc++";
				CLANG_ENABLE_MODULES = YES;
				CLANG_ENABLE_OBJC_ARC = YES;
				CLANG_ENABLE_OBJC_WEAK = YES;
				CLANG_WARN_BLOCK_CAPTURE_AUTORELEASING = YES;
				CLANG_WARN_BOOL_CONVERSION = YES;
				CLANG_WARN_COMMA = YES;
				CLANG_WARN_CONSTANT_CONVERSION = YES;
				CLANG_WARN_DEPRECATED_OBJC_IMPLEMENTATIONS = YES;
				CLANG_WARN_DIRECT_OBJC_ISA_USAGE = YES_ERROR;
				CLANG_WARN_DOCUMENTATION_COMMENTS = YES;
				CLANG_WARN_EMPTY_BODY = YES;
				CLANG_WARN_ENUM_CONVERSION = YES;
				CLANG_WARN_INFINITE_RECURSION = YES;
				CLANG_WARN_INT_CONVERSION = YES;
				CLANG_WARN_NON_LITERAL_NULL_CONVERSION = YES;
				CLANG_WARN_OBJC_IMPLICIT_RETAIN_SELF = YES;
				CLANG_WARN_OBJC_LITERAL_CONVERSION = YES;
				CLANG_WARN_OBJC_ROOT_CLASS = YES_ERROR;
				CLANG_WARN_RANGE_LOOP_ANALYSIS = YES;
				CLANG_WARN_STRICT_PROTOTYPES = YES;
				CLANG_WARN_SUSPICIOUS_MOVE = YES;
				CLANG_WARN_UNGUARDED_AVAILABILITY = YES_AGGRESSIVE;
				CLANG_WARN_UNREACHABLE_CODE = YES;
				CLANG_WARN__DUPLICATE_METHOD_MATCH = YES;
				COPY_PHASE_STRIP = NO;
				DEBUG_INFORMATION_FORMAT = dwarf;
				ENABLE_STRICT_OBJC_MSGSEND = YES;
				ENABLE_TESTABILITY = YES;
				GCC_C_LANGUAGE_STANDARD = gnu11;
				GCC_DYNAMIC_NO_PIC = NO;
				GCC_NO_COMMON_BLOCKS = YES;
				GCC_OPTIMIZATION_LEVEL = 0;
				GCC_PREPROCESSOR_DEFINITIONS = (
					"DEBUG=1",
					"$(inherited)",
				);
				GCC_WARN_64_TO_32_BIT_CONVERSION = YES;
				GCC_WARN_ABOUT_RETURN_TYPE = YES_ERROR;
				GCC_WARN_UNDECLARED_SELECTOR = YES;
				GCC_WARN_UNINITIALIZED_AUTOS = YES_AGGRESSIVE;
				GCC_WARN_UNUSED_FUNCTION = YES;
				GCC_WARN_UNUSED_VARIABLE = YES;
				IPHONEOS_DEPLOYMENT_TARGET = 13.4;
				MTL_ENABLE_DEBUG_INFO = INCLUDE_SOURCE;
				MTL_FAST_MATH = YES;
				ONLY_ACTIVE_ARCH = YES;
				SDKROOT = iphoneos;
				SWIFT_ACTIVE_COMPILATION_CONDITIONS = DEBUG;
				SWIFT_OPTIMIZATION_LEVEL = "-Onone";
			};
			name = Debug;
		};
		33F2A84A2475A45B00B86D7F /* Release */ = {
			isa = XCBuildConfiguration;
			buildSettings = {
				ALWAYS_SEARCH_USER_PATHS = NO;
				CLANG_ANALYZER_NONNULL = YES;
				CLANG_ANALYZER_NUMBER_OBJECT_CONVERSION = YES_AGGRESSIVE;
				CLANG_CXX_LANGUAGE_STANDARD = "gnu++14";
				CLANG_CXX_LIBRARY = "libc++";
				CLANG_ENABLE_MODULES = YES;
				CLANG_ENABLE_OBJC_ARC = YES;
				CLANG_ENABLE_OBJC_WEAK = YES;
				CLANG_WARN_BLOCK_CAPTURE_AUTORELEASING = YES;
				CLANG_WARN_BOOL_CONVERSION = YES;
				CLANG_WARN_COMMA = YES;
				CLANG_WARN_CONSTANT_CONVERSION = YES;
				CLANG_WARN_DEPRECATED_OBJC_IMPLEMENTATIONS = YES;
				CLANG_WARN_DIRECT_OBJC_ISA_USAGE = YES_ERROR;
				CLANG_WARN_DOCUMENTATION_COMMENTS = YES;
				CLANG_WARN_EMPTY_BODY = YES;
				CLANG_WARN_ENUM_CONVERSION = YES;
				CLANG_WARN_INFINITE_RECURSION = YES;
				CLANG_WARN_INT_CONVERSION = YES;
				CLANG_WARN_NON_LITERAL_NULL_CONVERSION = YES;
				CLANG_WARN_OBJC_IMPLICIT_RETAIN_SELF = YES;
				CLANG_WARN_OBJC_LITERAL_CONVERSION = YES;
				CLANG_WARN_OBJC_ROOT_CLASS = YES_ERROR;
				CLANG_WARN_RANGE_LOOP_ANALYSIS = YES;
				CLANG_WARN_STRICT_PROTOTYPES = YES;
				CLANG_WARN_SUSPICIOUS_MOVE = YES;
				CLANG_WARN_UNGUARDED_AVAILABILITY = YES_AGGRESSIVE;
				CLANG_WARN_UNREACHABLE_CODE = YES;
				CLANG_WARN__DUPLICATE_METHOD_MATCH = YES;
				COPY_PHASE_STRIP = NO;
				DEBUG_INFORMATION_FORMAT = "dwarf-with-dsym";
				ENABLE_NS_ASSERTIONS = NO;
				ENABLE_STRICT_OBJC_MSGSEND = YES;
				GCC_C_LANGUAGE_STANDARD = gnu11;
				GCC_NO_COMMON_BLOCKS = YES;
				GCC_WARN_64_TO_32_BIT_CONVERSION = YES;
				GCC_WARN_ABOUT_RETURN_TYPE = YES_ERROR;
				GCC_WARN_UNDECLARED_SELECTOR = YES;
				GCC_WARN_UNINITIALIZED_AUTOS = YES_AGGRESSIVE;
				GCC_WARN_UNUSED_FUNCTION = YES;
				GCC_WARN_UNUSED_VARIABLE = YES;
				IPHONEOS_DEPLOYMENT_TARGET = 13.4;
				MTL_ENABLE_DEBUG_INFO = NO;
				MTL_FAST_MATH = YES;
				SDKROOT = iphoneos;
				SWIFT_COMPILATION_MODE = wholemodule;
				SWIFT_OPTIMIZATION_LEVEL = "-O";
				VALIDATE_PRODUCT = YES;
			};
			name = Release;
		};
		33F2A84C2475A45B00B86D7F /* Debug */ = {
			isa = XCBuildConfiguration;
			baseConfigurationReference = CC386C7DE902AA9BDDC37C34 /* Pods-Emep.debug.xcconfig */;
			buildSettings = {
				ASSETCATALOG_COMPILER_APPICON_NAME = AppIcon;
				CODE_SIGN_STYLE = Automatic;
				DEVELOPMENT_TEAM = 66NQL9BXQP;
				INFOPLIST_FILE = Emep/Info.plist;
				LD_RUNPATH_SEARCH_PATHS = (
					"$(inherited)",
					"@executable_path/Frameworks",
				);
				PRODUCT_BUNDLE_IDENTIFIER = com.rodrigobuendia.Emep;
				PRODUCT_NAME = "$(TARGET_NAME)";
				SWIFT_VERSION = 5.0;
				TARGETED_DEVICE_FAMILY = "1,2";
			};
			name = Debug;
		};
		33F2A84D2475A45B00B86D7F /* Release */ = {
			isa = XCBuildConfiguration;
			baseConfigurationReference = 045E1444C55A09790909616F /* Pods-Emep.release.xcconfig */;
			buildSettings = {
				ASSETCATALOG_COMPILER_APPICON_NAME = AppIcon;
				CODE_SIGN_STYLE = Automatic;
				DEVELOPMENT_TEAM = 66NQL9BXQP;
				INFOPLIST_FILE = Emep/Info.plist;
				LD_RUNPATH_SEARCH_PATHS = (
					"$(inherited)",
					"@executable_path/Frameworks",
				);
				PRODUCT_BUNDLE_IDENTIFIER = com.rodrigobuendia.Emep;
				PRODUCT_NAME = "$(TARGET_NAME)";
				SWIFT_VERSION = 5.0;
				TARGETED_DEVICE_FAMILY = "1,2";
			};
			name = Release;
		};
		33F2A84F2475A45B00B86D7F /* Debug */ = {
			isa = XCBuildConfiguration;
			baseConfigurationReference = E4C44FD65039B6FB30DBC0B0 /* Pods-EmepTests.debug.xcconfig */;
			buildSettings = {
				ALWAYS_EMBED_SWIFT_STANDARD_LIBRARIES = YES;
				BUNDLE_LOADER = "$(TEST_HOST)";
				CODE_SIGN_STYLE = Automatic;
				DEVELOPMENT_TEAM = 66NQL9BXQP;
				INFOPLIST_FILE = EmepTests/Info.plist;
				IPHONEOS_DEPLOYMENT_TARGET = 13.4;
				LD_RUNPATH_SEARCH_PATHS = (
					"$(inherited)",
					"@executable_path/Frameworks",
					"@loader_path/Frameworks",
				);
				PRODUCT_BUNDLE_IDENTIFIER = com.rodrigobuendia.EmepTests;
				PRODUCT_NAME = "$(TARGET_NAME)";
				SWIFT_VERSION = 5.0;
				TARGETED_DEVICE_FAMILY = "1,2";
				TEST_HOST = "$(BUILT_PRODUCTS_DIR)/Emep.app/Emep";
			};
			name = Debug;
		};
		33F2A8502475A45B00B86D7F /* Release */ = {
			isa = XCBuildConfiguration;
			baseConfigurationReference = 083235203C100DB0A2D24797 /* Pods-EmepTests.release.xcconfig */;
			buildSettings = {
				ALWAYS_EMBED_SWIFT_STANDARD_LIBRARIES = YES;
				BUNDLE_LOADER = "$(TEST_HOST)";
				CODE_SIGN_STYLE = Automatic;
				DEVELOPMENT_TEAM = 66NQL9BXQP;
				INFOPLIST_FILE = EmepTests/Info.plist;
				IPHONEOS_DEPLOYMENT_TARGET = 13.4;
				LD_RUNPATH_SEARCH_PATHS = (
					"$(inherited)",
					"@executable_path/Frameworks",
					"@loader_path/Frameworks",
				);
				PRODUCT_BUNDLE_IDENTIFIER = com.rodrigobuendia.EmepTests;
				PRODUCT_NAME = "$(TARGET_NAME)";
				SWIFT_VERSION = 5.0;
				TARGETED_DEVICE_FAMILY = "1,2";
				TEST_HOST = "$(BUILT_PRODUCTS_DIR)/Emep.app/Emep";
			};
			name = Release;
		};
		33F2A8522475A45B00B86D7F /* Debug */ = {
			isa = XCBuildConfiguration;
			baseConfigurationReference = F88E52B5287CA1FDF36679BF /* Pods-Emep-EmepUITests.debug.xcconfig */;
			buildSettings = {
				ALWAYS_EMBED_SWIFT_STANDARD_LIBRARIES = YES;
				CODE_SIGN_STYLE = Automatic;
				DEVELOPMENT_TEAM = 66NQL9BXQP;
				INFOPLIST_FILE = EmepUITests/Info.plist;
				LD_RUNPATH_SEARCH_PATHS = (
					"$(inherited)",
					"@executable_path/Frameworks",
					"@loader_path/Frameworks",
				);
				PRODUCT_BUNDLE_IDENTIFIER = com.rodrigobuendia.EmepUITests;
				PRODUCT_NAME = "$(TARGET_NAME)";
				SWIFT_VERSION = 5.0;
				TARGETED_DEVICE_FAMILY = "1,2";
				TEST_TARGET_NAME = Emep;
			};
			name = Debug;
		};
		33F2A8532475A45B00B86D7F /* Release */ = {
			isa = XCBuildConfiguration;
			baseConfigurationReference = 8F40C6E289C02694A48D39DD /* Pods-Emep-EmepUITests.release.xcconfig */;
			buildSettings = {
				ALWAYS_EMBED_SWIFT_STANDARD_LIBRARIES = YES;
				CODE_SIGN_STYLE = Automatic;
				DEVELOPMENT_TEAM = 66NQL9BXQP;
				INFOPLIST_FILE = EmepUITests/Info.plist;
				LD_RUNPATH_SEARCH_PATHS = (
					"$(inherited)",
					"@executable_path/Frameworks",
					"@loader_path/Frameworks",
				);
				PRODUCT_BUNDLE_IDENTIFIER = com.rodrigobuendia.EmepUITests;
				PRODUCT_NAME = "$(TARGET_NAME)";
				SWIFT_VERSION = 5.0;
				TARGETED_DEVICE_FAMILY = "1,2";
				TEST_TARGET_NAME = Emep;
			};
			name = Release;
		};
/* End XCBuildConfiguration section */

/* Begin XCConfigurationList section */
		33F2A8192475A45200B86D7F /* Build configuration list for PBXProject "Emep" */ = {
			isa = XCConfigurationList;
			buildConfigurations = (
				33F2A8492475A45B00B86D7F /* Debug */,
				33F2A84A2475A45B00B86D7F /* Release */,
			);
			defaultConfigurationIsVisible = 0;
			defaultConfigurationName = Release;
		};
		33F2A84B2475A45B00B86D7F /* Build configuration list for PBXNativeTarget "Emep" */ = {
			isa = XCConfigurationList;
			buildConfigurations = (
				33F2A84C2475A45B00B86D7F /* Debug */,
				33F2A84D2475A45B00B86D7F /* Release */,
			);
			defaultConfigurationIsVisible = 0;
			defaultConfigurationName = Release;
		};
		33F2A84E2475A45B00B86D7F /* Build configuration list for PBXNativeTarget "EmepTests" */ = {
			isa = XCConfigurationList;
			buildConfigurations = (
				33F2A84F2475A45B00B86D7F /* Debug */,
				33F2A8502475A45B00B86D7F /* Release */,
			);
			defaultConfigurationIsVisible = 0;
			defaultConfigurationName = Release;
		};
		33F2A8512475A45B00B86D7F /* Build configuration list for PBXNativeTarget "EmepUITests" */ = {
			isa = XCConfigurationList;
			buildConfigurations = (
				33F2A8522475A45B00B86D7F /* Debug */,
				33F2A8532475A45B00B86D7F /* Release */,
			);
			defaultConfigurationIsVisible = 0;
			defaultConfigurationName = Release;
		};
/* End XCConfigurationList section */

/* Begin XCVersionGroup section */
		33F2A82A2475A45200B86D7F /* Emep.xcdatamodeld */ = {
			isa = XCVersionGroup;
			children = (
				33F2A82B2475A45200B86D7F /* Emep.xcdatamodel */,
			);
			currentVersion = 33F2A82B2475A45200B86D7F /* Emep.xcdatamodel */;
			path = Emep.xcdatamodeld;
			sourceTree = "<group>";
			versionGroupType = wrapper.xcdatamodel;
		};
/* End XCVersionGroup section */
	};
	rootObject = 33F2A8162475A45200B86D7F /* Project object */;
}
